
Microsoft Visual Studio Solution File, Format Version 12.00
# Visual Studio Version 17
VisualStudioVersion = 17.14.36511.14 d17.14
MinimumVisualStudioVersion = 10.0.40219.1
Project("{FAE04EC0-301F-11D3-BF4B-00C04F79EFBC}") = "C44-G04-MVC03.PL", "C44-G04-MVC03.PL\C44-G04-MVC03.PL.csproj", "{DBEADD09-2792-4DF2-88CA-82155A72E2F2}"
EndProject
Project("{FAE04EC0-301F-11D3-BF4B-00C04F79EFBC}") = "C44-G04-MVC03.DAL", "C44-G04-MVC03.DAL\C44-G04-MVC03.DAL.csproj", "{40777464-6E2F-4954-9B33-6867FF22C329}"
EndProject
Project("{FAE04EC0-301F-11D3-BF4B-00C04F79EFBC}") = "C44-G04-MVC03.BLL", "C44-G04-MVC03.BLL\C44-G04-MVC03.BLL.csproj", "{683EA090-FB46-4504-AA7F-EC82A81C98B1}"
EndProject
Global
	GlobalSection(SolutionConfigurationPlatforms) = preSolution
		Debug|Any CPU = Debug|Any CPU
		Release|Any CPU = Release|Any CPU
	EndGlobalSection
	GlobalSection(ProjectConfigurationPlatforms) = postSolution
		{DBEADD09-2792-4DF2-88CA-82155A72E2F2}.Debug|Any CPU.ActiveCfg = Debug|Any CPU
		{DBEADD09-2792-4DF2-88CA-82155A72E2F2}.Debug|Any CPU.Build.0 = Debug|Any CPU
		{DBEADD09-2792-4DF2-88CA-82155A72E2F2}.Release|Any CPU.ActiveCfg = Release|Any CPU
		{DBEADD09-2792-4DF2-88CA-82155A72E2F2}.Release|Any CPU.Build.0 = Release|Any CPU
		{40777464-6E2F-4954-9B33-6867FF22C329}.Debug|Any CPU.ActiveCfg = Debug|Any CPU
		{40777464-6E2F-4954-9B33-6867FF22C329}.Debug|Any CPU.Build.0 = Debug|Any CPU
		{40777464-6E2F-4954-9B33-6867FF22C329}.Release|Any CPU.ActiveCfg = Release|Any CPU
		{40777464-6E2F-4954-9B33-6867FF22C329}.Release|Any CPU.Build.0 = Release|Any CPU
		{683EA090-FB46-4504-AA7F-EC82A81C98B1}.Debug|Any CPU.ActiveCfg = Debug|Any CPU
		{683EA090-FB46-4504-AA7F-EC82A81C98B1}.Debug|Any CPU.Build.0 = Debug|Any CPU
		{683EA090-FB46-4504-AA7F-EC82A81C98B1}.Release|Any CPU.ActiveCfg = Release|Any CPU
		{683EA090-FB46-4504-AA7F-EC82A81C98B1}.Release|Any CPU.Build.0 = Release|Any CPU
	EndGlobalSection
	GlobalSection(SolutionProperties) = preSolution
		HideSolutionNode = FALSE
	EndGlobalSection
	GlobalSection(ExtensibilityGlobals) = postSolution
		SolutionGuid = {36CD014B-863F-4EB4-9014-C1F7E2906337}
	EndGlobalSection
EndGlobal
